
Microsoft Visual Studio Solution File, Format Version 12.00
# Visual Studio Version 16
VisualStudioVersion = 16.0.30611.23
MinimumVisualStudioVersion = 10.0.40219.1
Project("{FAE04EC0-301F-11D3-BF4B-00C04F79EFBC}") = "diamond_draw", "diamond_draw\diamond_draw.csproj", "{DBF78B5C-1642-43F8-ADFA-018B5BFD29E9}"
EndProject
Global
	GlobalSection(SolutionConfigurationPlatforms) = preSolution
		Debug|Any CPU = Debug|Any CPU
		Release|Any CPU = Release|Any CPU
	EndGlobalSection
	GlobalSection(ProjectConfigurationPlatforms) = postSolution
		{DBF78B5C-1642-43F8-ADFA-018B5BFD29E9}.Debug|Any CPU.ActiveCfg = Debug|Any CPU
		{DBF78B5C-1642-43F8-ADFA-018B5BFD29E9}.Debug|Any CPU.Build.0 = Debug|Any CPU
		{DBF78B5C-1642-43F8-ADFA-018B5BFD29E9}.Release|Any CPU.ActiveCfg = Release|Any CPU
		{DBF78B5C-1642-43F8-ADFA-018B5BFD29E9}.Release|Any CPU.Build.0 = Release|Any CPU
	EndGlobalSection
	GlobalSection(SolutionProperties) = preSolution
		HideSolutionNode = FALSE
	EndGlobalSection
	GlobalSection(ExtensibilityGlobals) = postSolution
		SolutionGuid = {C2EB42C4-AD0B-4CDB-B19F-821DE9B00B7F}
	EndGlobalSection
EndGlobal
